Microsoft Visual Studio Solution File, Format Version 12.00
# Visual Studio 15
VisualStudioVersion = 15.0.28307.421
MinimumVisualStudioVersion = 10.0.40219.1
Project("{2150E333-8FDC-42A3-9474-1A3956D46DE8}") = "0_thirdparty_base", "0_thirdparty_base", "{44FF0BDD-E5E4-4C95-A379-F603B8FD5AD3}"
EndProject
Project("{8BC9CEB8-8B4A-11D0-8D11-00A0C91BC942}") = "liblzma", "thirdparty\lzma-5.2.5\liblzma.vcxproj", "{12728250-16EC-4DC6-94D7-E21DD88947F8}"
EndProject
Project("{8BC9CEB8-8B4A-11D0-8D11-00A0C91BC942}") = "libsqlite3", "thirdparty\sqlite-3.38.5\libsqlite3.vcxproj", "{A78DCBC4-077B-4884-A7F4-D9AF70EDB538}"
EndProject
Project("{2150E333-8FDC-42A3-9474-1A3956D46DE8}") = "0_thirdparty_python", "0_thirdparty_python", "{482EA751-DE12-4EB2-9764-C15C9DEC7F38}"
EndProject
Project("{8BC9CEB8-8B4A-11D0-8D11-00A0C91BC942}") = "python3", "thirdparty\python-3.10.5\src\python3\python3.vcxproj", "{885D4898-D08D-4091-9C40-C700CFE3FC5A}"
EndProject
Project("{8BC9CEB8-8B4A-11D0-8D11-00A0C91BC942}") = "pythoncore", "thirdparty\python-3.10.5\pythoncore.vcxproj", "{CF7AC3D1-E2DF-41D2-BEA6-1E2556CDEA26}"
EndProject
Project("{2150E333-8FDC-42A3-9474-1A3956D46DE8}") = "PC", "PC", "{CF73C240-56FD-4B61-951F-854414E2BA3D}"
EndProject
Project("{8BC9CEB8-8B4A-11D0-8D11-00A0C91BC942}") = "_socket", "thirdparty\python-3.10.5\Modules\_socket\_socket.vcxproj", "{86937F53-C189-40EF-8CE8-8759D8E7D480}"
EndProject
Project("{8BC9CEB8-8B4A-11D0-8D11-00A0C91BC942}") = "_bz2", "thirdparty\python-3.10.5\Modules\_bz2\_bz2.vcxproj", "{73FCD2BD-F133-46B7-8EC1-144CD82A59D5}"
EndProject
Project("{8BC9CEB8-8B4A-11D0-8D11-00A0C91BC942}") = "_asyncio", "thirdparty\python-3.10.5\Modules\_asyncio\_asyncio.vcxproj", "{384C224A-7474-476E-A01B-750EA7DE918C}"
EndProject
Project("{8BC9CEB8-8B4A-11D0-8D11-00A0C91BC942}") = "_lzma", "thirdparty\python-3.10.5\Modules\_lzma\_lzma.vcxproj", "{F9D71780-F393-11E0-BE50-0800200C9A66}"
EndProject
Project("{2150E333-8FDC-42A3-9474-1A3956D46DE8}") = "Modules", "Modules", "{28CBE944-10E2-421F-8F24-CF2887530E73}"
EndProject
Project("{8BC9CEB8-8B4A-11D0-8D11-00A0C91BC942}") = "_msi", "thirdparty\python-3.10.5\PC\_msi\_msi.vcxproj", "{31FFC478-7B4A-43E8-9954-8D03E2187E9C}"
EndProject
Project("{8BC9CEB8-8B4A-11D0-8D11-00A0C91BC942}") = "_sqlite3", "thirdparty\python-3.10.5\Modules\_sqlite\_sqlite3.vcxproj", "{13CECB97-4119-4316-9D42-8534019A5A44}"
EndProject
Project("{8BC9CEB8-8B4A-11D0-8D11-00A0C91BC942}") = "_hashlib", "thirdparty\python-3.10.5\Modules\_hashlib\_hashlib.vcxproj", "{447F05A8-F581-4CAC-A466-5AC7936E207E}"
	ProjectSection(ProjectDependencies) = postProject
		{70ABE75C-FBC2-4C82-9103-B952FA5CD168} = {70ABE75C-FBC2-4C82-9103-B952FA5CD168}
		{24265BD3-3CF3-41A9-B137-53DBEC0F53BF} = {24265BD3-3CF3-41A9-B137-53DBEC0F53BF}
	EndProjectSection
EndProject
Project("{8BC9CEB8-8B4A-11D0-8D11-00A0C91BC942}") = "_queue", "thirdparty\python-3.10.5\Modules\_queue\_queue.vcxproj", "{78D80A15-BD8C-44E2-B49E-1F05B0A0A687}"
EndProject
Project("{8BC9CEB8-8B4A-11D0-8D11-00A0C91BC942}") = "_ctypes", "thirdparty\python-3.10.5\Modules\_ctypes\_ctypes.vcxproj", "{0E9791DB-593A-465F-98BC-681011311618}"
EndProject
Project("{8BC9CEB8-8B4A-11D0-8D11-00A0C91BC942}") = "libffi", "thirdparty\ffi-3.3\libffi.vcxproj", "{793F0ABE-66E5-48C0-9690-3060FF08AFF5}"
EndProject
Project("{8BC9CEB8-8B4A-11D0-8D11-00A0C91BC942}") = "_overlapped", "thirdparty\python-3.10.5\Modules\_overlapped\_overlapped.vcxproj", "{EB6E69DD-04BF-4543-9B92-49FAABCEAC2E}"
EndProject
Project("{8BC9CEB8-8B4A-11D0-8D11-00A0C91BC942}") = "_decimal", "thirdparty\python-3.10.5\Modules\_decimal\_decimal.vcxproj", "{0E9791DB-593A-465F-98BC-681011311617}"
EndProject
Project("{8BC9CEB8-8B4A-11D0-8D11-00A0C91BC942}") = "libexpat", "thirdparty\expat-R_2_4_8\libexpat.vcxproj", "{C77A529D-D263-45C7-BAD6-F5E07DE511B5}"
EndProject
Project("{8BC9CEB8-8B4A-11D0-8D11-00A0C91BC942}") = "_elementtree", "thirdparty\python-3.10.5\Modules\_elementtree\_elementtree.vcxproj", "{17E1E049-C309-4D79-843F-AE483C264AEA}"
EndProject
Project("{8BC9CEB8-8B4A-11D0-8D11-00A0C91BC942}") = "_uuid", "thirdparty\python-3.10.5\Modules\_uuid\_uuid.vcxproj", "{CB435430-EBB1-478B-8F4E-C256F6838F55}"
EndProject
Project("{2150E333-8FDC-42A3-9474-1A3956D46DE8}") = "1_dll", "1_dll", "{FCC01FDB-3534-4E60-AF99-796960764DD1}"
EndProject
Project("{2150E333-8FDC-42A3-9474-1A3956D46DE8}") = "2_exe", "2_exe", "{17D1CDD2-3DC2-4D7F-B7DA-0D5EF726B7A3}"
EndProject
Project("{8BC9CEB8-8B4A-11D0-8D11-00A0C91BC942}") = "python", "thirdparty\python-3.10.5\src\python\python.vcxproj", "{B11D750F-CD1F-4A96-85CE-E69A5C5259F9}"
	ProjectSection(ProjectDependencies) = postProject
		{885D4898-D08D-4091-9C40-C700CFE3FC5A} = {885D4898-D08D-4091-9C40-C700CFE3FC5A}
	EndProjectSection
EndProject
Project("{8BC9CEB8-8B4A-11D0-8D11-00A0C91BC942}") = "libeay32", "thirdparty\openssl-1.1.1q\libeay32.vcxproj", "{70ABE75C-FBC2-4C82-9103-B952FA5CD168}"
EndProject
Project("{8BC9CEB8-8B4A-11D0-8D11-00A0C91BC942}") = "libssleay32", "thirdparty\openssl-1.1.1q\libssleay32.vcxproj", "{24265BD3-3CF3-41A9-B137-53DBEC0F53BF}"
EndProject
Project("{8BC9CEB8-8B4A-11D0-8D11-00A0C91BC942}") = "pythonw", "thirdparty\python-3.10.5\src\pythonw\pythonw.vcxproj", "{F4229CC3-873C-49AE-9729-DD308ED4CD4A}"
	ProjectSection(ProjectDependencies) = postProject
		{885D4898-D08D-4091-9C40-C700CFE3FC5A} = {885D4898-D08D-4091-9C40-C700CFE3FC5A}
		{CF7AC3D1-E2DF-41D2-BEA6-1E2556CDEA26} = {CF7AC3D1-E2DF-41D2-BEA6-1E2556CDEA26}
	EndProjectSection
EndProject
Project("{8BC9CEB8-8B4A-11D0-8D11-00A0C91BC942}") = "_ctypes_test", "thirdparty\python-3.10.5\Modules\_ctypes\_ctypes_test.vcxproj", "{9EC7190A-249F-4180-A900-548FDCF3055F}"
EndProject
Project("{8BC9CEB8-8B4A-11D0-8D11-00A0C91BC942}") = "_ssl", "thirdparty\python-3.10.5\Modules\_ssl\_ssl.vcxproj", "{C6E20F84-3247-4AD6-B051-B073268F73BA}"
EndProject
Project("{8BC9CEB8-8B4A-11D0-8D11-00A0C91BC942}") = "_multiprocessing", "thirdparty\python-3.10.5\Modules\_multiprocessing\_multiprocessing.vcxproj", "{9E48B300-37D1-11DD-8C41-005056C00008}"
EndProject
Project("{8BC9CEB8-8B4A-11D0-8D11-00A0C91BC942}") = "_testbuffer", "thirdparty\python-3.10.5\Modules\_testbuffer\_testbuffer.vcxproj", "{A2697BD3-28C1-4AEC-9106-8B748639FD16}"
EndProject
Project("{8BC9CEB8-8B4A-11D0-8D11-00A0C91BC942}") = "_testcapi", "thirdparty\python-3.10.5\Modules\_testcapi\_testcapi.vcxproj", "{6901D91C-6E48-4BB7-9FEC-700C8131DF1D}"
EndProject
Project("{8BC9CEB8-8B4A-11D0-8D11-00A0C91BC942}") = "_testconsole", "thirdparty\python-3.10.5\PC\_testconsole\_testconsole.vcxproj", "{B244E787-C445-441C-BDF4-5A4F1A3A1E51}"
EndProject
Project("{8BC9CEB8-8B4A-11D0-8D11-00A0C91BC942}") = "_testimportmultiple", "thirdparty\python-3.10.5\Modules\_testimportmultiple\_testimportmultiple.vcxproj", "{36D0C52C-DF4E-45D0-8BC7-E294C3ABC781}"
EndProject
Project("{8BC9CEB8-8B4A-11D0-8D11-00A0C91BC942}") = "_testinternalcapi", "thirdparty\python-3.10.5\Modules\_testinternalcapi\_testinternalcapi.vcxproj", "{900342D7-516A-4469-B1AD-59A66E49A25F}"
EndProject
Project("{8BC9CEB8-8B4A-11D0-8D11-00A0C91BC942}") = "_testmultiphase", "thirdparty\python-3.10.5\Modules\_testmultiphase\_testmultiphase.vcxproj", "{16BFE6F0-22EF-40B5-B831-7E937119EF10}"
EndProject
Project("{8BC9CEB8-8B4A-11D0-8D11-00A0C91BC942}") = "_zoneinfo", "thirdparty\python-3.10.5\Modules\_zoneinfo\_zoneinfo.vcxproj", "{FCBE1EF2-E0F0-40B1-88B5-00A35D378742}"
EndProject
Project("{8BC9CEB8-8B4A-11D0-8D11-00A0C91BC942}") = "pyexpat", "thirdparty\python-3.10.5\Modules\pyexpat\pyexpat.vcxproj", "{D06B6426-4762-44CC-8BAD-D79052507F2F}"
EndProject
Project("{8BC9CEB8-8B4A-11D0-8D11-00A0C91BC942}") = "pyshellext", "thirdparty\python-3.10.5\PC\pyshellext\pyshellext.vcxproj", "{0F6EE4A4-C75F-4578-B4B3-2D64F4B9B782}"
EndProject
Project("{8BC9CEB8-8B4A-11D0-8D11-00A0C91BC942}") = "select", "thirdparty\python-3.10.5\Modules\select\select.vcxproj", "{18CAE28C-B454-46C1-87A0-493D91D97F03}"
EndProject
Project("{8BC9CEB8-8B4A-11D0-8D11-00A0C91BC942}") = "unicodedata", "thirdparty\python-3.10.5\Modules\unicodedata\unicodedata.vcxproj", "{ECC7CEAC-A5E5-458E-BB9E-2413CC847881}"
EndProject
Project("{8BC9CEB8-8B4A-11D0-8D11-00A0C91BC942}") = "winsound", "thirdparty\python-3.10.5\PC\winsound\winsound.vcxproj", "{28B5D777-DDF2-4B6B-B34F-31D938813856}"
EndProject
Project("{8BC9CEB8-8B4A-11D0-8D11-00A0C91BC942}") = "xxlimited", "thirdparty\python-3.10.5\Modules\xxlimited\xxlimited.vcxproj", "{F749B822-B489-4CA5-A3AD-CE078F5F338A}"
EndProject
Project("{2150E333-8FDC-42A3-9474-1A3956D46DE8}") = "Programs", "Programs", "{6A8FC1ED-4E77-46B0-9C0D-93574EB5EDAB}"
EndProject
Project("{8BC9CEB8-8B4A-11D0-8D11-00A0C91BC942}") = "_freeze_importlib", "thirdparty\python-3.10.5\Programs\_freeze_importlib.vcxproj", "{19C0C13F-47CA-4432-AFF3-799A296A4DDC}"
EndProject
Project("{8BC9CEB8-8B4A-11D0-8D11-00A0C91BC942}") = "_testembed", "thirdparty\python-3.10.5\Programs\_testembed.vcxproj", "{6DAC66D9-E703-4624-BE03-49112AB5AA62}"
EndProject
Project("{8BC9CEB8-8B4A-11D0-8D11-00A0C91BC942}") = "pylauncher", "thirdparty\python-3.10.5\PC\pylauncher\pylauncher.vcxproj", "{7B2727B5-5A3F-40EE-A866-43A13CD31446}"
EndProject
Project("{8BC9CEB8-8B4A-11D0-8D11-00A0C91BC942}") = "python_uwp", "thirdparty\python-3.10.5\PC\python_uwp\python_uwp.vcxproj", "{9DE9E23D-C8D4-4817-92A9-920A8B1FE5FF}"
EndProject
Project("{2150E333-8FDC-42A3-9474-1A3956D46DE8}") = "1_dll", "1_dll", "{EB5547E1-2125-4348-9092-041A07642247}"
EndProject
Project("{2150E333-8FDC-42A3-9474-1A3956D46DE8}") = "1_other", "1_other", "{2CA39B0B-0164-482B-ABCA-53B33CA7550C}"
EndProject
Project("{2150E333-8FDC-42A3-9474-1A3956D46DE8}") = "2_exe", "2_exe", "{B18A3134-4AEE-47CF-AFF4-1A2332D3CD06}"
EndProject
Project("{8BC9CEB8-8B4A-11D0-8D11-00A0C91BC942}") = "libbzip2", "thirdparty\bzip2-1.0.8\libbzip2.vcxproj", "{8FCE41A7-8050-4F06-B1CE-944DF7E07910}"
EndProject
Global
	GlobalSection(SolutionConfigurationPlatforms) = preSolution
		Debug|x64 = Debug|x64
		Release|x64 = Release|x64
	EndGlobalSection
	GlobalSection(ProjectConfigurationPlatforms) = postSolution
		{12728250-16EC-4DC6-94D7-E21DD88947F8}.Debug|x64.ActiveCfg = Debug|x64
		{12728250-16EC-4DC6-94D7-E21DD88947F8}.Debug|x64.Build.0 = Debug|x64
		{12728250-16EC-4DC6-94D7-E21DD88947F8}.Release|x64.ActiveCfg = Release|x64
		{12728250-16EC-4DC6-94D7-E21DD88947F8}.Release|x64.Build.0 = Release|x64
		{A78DCBC4-077B-4884-A7F4-D9AF70EDB538}.Debug|x64.ActiveCfg = Debug|x64
		{A78DCBC4-077B-4884-A7F4-D9AF70EDB538}.Debug|x64.Build.0 = Debug|x64
		{A78DCBC4-077B-4884-A7F4-D9AF70EDB538}.Release|x64.ActiveCfg = Release|x64
		{A78DCBC4-077B-4884-A7F4-D9AF70EDB538}.Release|x64.Build.0 = Release|x64
		{885D4898-D08D-4091-9C40-C700CFE3FC5A}.Debug|x64.ActiveCfg = Debug|x64
		{885D4898-D08D-4091-9C40-C700CFE3FC5A}.Debug|x64.Build.0 = Debug|x64
		{885D4898-D08D-4091-9C40-C700CFE3FC5A}.Release|x64.ActiveCfg = Release|x64
		{885D4898-D08D-4091-9C40-C700CFE3FC5A}.Release|x64.Build.0 = Release|x64
		{CF7AC3D1-E2DF-41D2-BEA6-1E2556CDEA26}.Debug|x64.ActiveCfg = Debug|x64
		{CF7AC3D1-E2DF-41D2-BEA6-1E2556CDEA26}.Debug|x64.Build.0 = Debug|x64
		{CF7AC3D1-E2DF-41D2-BEA6-1E2556CDEA26}.Release|x64.ActiveCfg = Release|x64
		{CF7AC3D1-E2DF-41D2-BEA6-1E2556CDEA26}.Release|x64.Build.0 = Release|x64
		{86937F53-C189-40EF-8CE8-8759D8E7D480}.Debug|x64.ActiveCfg = Debug|x64
		{86937F53-C189-40EF-8CE8-8759D8E7D480}.Debug|x64.Build.0 = Debug|x64
		{86937F53-C189-40EF-8CE8-8759D8E7D480}.Release|x64.ActiveCfg = Release|x64
		{86937F53-C189-40EF-8CE8-8759D8E7D480}.Release|x64.Build.0 = Release|x64
		{73FCD2BD-F133-46B7-8EC1-144CD82A59D5}.Debug|x64.ActiveCfg = Debug|x64
		{73FCD2BD-F133-46B7-8EC1-144CD82A59D5}.Debug|x64.Build.0 = Debug|x64
		{73FCD2BD-F133-46B7-8EC1-144CD82A59D5}.Release|x64.ActiveCfg = Release|x64
		{73FCD2BD-F133-46B7-8EC1-144CD82A59D5}.Release|x64.Build.0 = Release|x64
		{384C224A-7474-476E-A01B-750EA7DE918C}.Debug|x64.ActiveCfg = Debug|x64
		{384C224A-7474-476E-A01B-750EA7DE918C}.Debug|x64.Build.0 = Debug|x64
		{384C224A-7474-476E-A01B-750EA7DE918C}.Release|x64.ActiveCfg = Release|x64
		{384C224A-7474-476E-A01B-750EA7DE918C}.Release|x64.Build.0 = Release|x64
		{F9D71780-F393-11E0-BE50-0800200C9A66}.Debug|x64.ActiveCfg = Debug|x64
		{F9D71780-F393-11E0-BE50-0800200C9A66}.Debug|x64.Build.0 = Debug|x64
		{F9D71780-F393-11E0-BE50-0800200C9A66}.Release|x64.ActiveCfg = Release|x64
		{F9D71780-F393-11E0-BE50-0800200C9A66}.Release|x64.Build.0 = Release|x64
		{31FFC478-7B4A-43E8-9954-8D03E2187E9C}.Debug|x64.ActiveCfg = Debug|x64
		{31FFC478-7B4A-43E8-9954-8D03E2187E9C}.Debug|x64.Build.0 = Debug|x64
		{31FFC478-7B4A-43E8-9954-8D03E2187E9C}.Release|x64.ActiveCfg = Release|x64
		{31FFC478-7B4A-43E8-9954-8D03E2187E9C}.Release|x64.Build.0 = Release|x64
		{13CECB97-4119-4316-9D42-8534019A5A44}.Debug|x64.ActiveCfg = Debug|x64
		{13CECB97-4119-4316-9D42-8534019A5A44}.Debug|x64.Build.0 = Debug|x64
		{13CECB97-4119-4316-9D42-8534019A5A44}.Release|x64.ActiveCfg = Release|x64
		{13CECB97-4119-4316-9D42-8534019A5A44}.Release|x64.Build.0 = Release|x64
		{447F05A8-F581-4CAC-A466-5AC7936E207E}.Debug|x64.ActiveCfg = Debug|x64
		{447F05A8-F581-4CAC-A466-5AC7936E207E}.Debug|x64.Build.0 = Debug|x64
		{447F05A8-F581-4CAC-A466-5AC7936E207E}.Release|x64.ActiveCfg = Release|x64
		{447F05A8-F581-4CAC-A466-5AC7936E207E}.Release|x64.Build.0 = Release|x64
		{78D80A15-BD8C-44E2-B49E-1F05B0A0A687}.Debug|x64.ActiveCfg = Debug|x64
		{78D80A15-BD8C-44E2-B49E-1F05B0A0A687}.Debug|x64.Build.0 = Debug|x64
		{78D80A15-BD8C-44E2-B49E-1F05B0A0A687}.Release|x64.ActiveCfg = Release|x64
		{78D80A15-BD8C-44E2-B49E-1F05B0A0A687}.Release|x64.Build.0 = Release|x64
		{0E9791DB-593A-465F-98BC-681011311618}.Debug|x64.ActiveCfg = Debug|x64
		{0E9791DB-593A-465F-98BC-681011311618}.Debug|x64.Build.0 = Debug|x64
		{0E9791DB-593A-465F-98BC-681011311618}.Release|x64.ActiveCfg = Release|x64
		{0E9791DB-593A-465F-98BC-681011311618}.Release|x64.Build.0 = Release|x64
		{793F0ABE-66E5-48C0-9690-3060FF08AFF5}.Debug|x64.ActiveCfg = Debug|x64
		{793F0ABE-66E5-48C0-9690-3060FF08AFF5}.Debug|x64.Build.0 = Debug|x64
		{793F0ABE-66E5-48C0-9690-3060FF08AFF5}.Release|x64.ActiveCfg = Release|x64
		{793F0ABE-66E5-48C0-9690-3060FF08AFF5}.Release|x64.Build.0 = Release|x64
		{EB6E69DD-04BF-4543-9B92-49FAABCEAC2E}.Debug|x64.ActiveCfg = Debug|x64
		{EB6E69DD-04BF-4543-9B92-49FAABCEAC2E}.Debug|x64.Build.0 = Debug|x64
		{EB6E69DD-04BF-4543-9B92-49FAABCEAC2E}.Release|x64.ActiveCfg = Release|x64
		{EB6E69DD-04BF-4543-9B92-49FAABCEAC2E}.Release|x64.Build.0 = Release|x64
		{0E9791DB-593A-465F-98BC-681011311617}.Debug|x64.ActiveCfg = Debug|x64
		{0E9791DB-593A-465F-98BC-681011311617}.Debug|x64.Build.0 = Debug|x64
		{0E9791DB-593A-465F-98BC-681011311617}.Release|x64.ActiveCfg = Release|x64
		{0E9791DB-593A-465F-98BC-681011311617}.Release|x64.Build.0 = Release|x64
		{C77A529D-D263-45C7-BAD6-F5E07DE511B5}.Debug|x64.ActiveCfg = Debug|x64
		{C77A529D-D263-45C7-BAD6-F5E07DE511B5}.Debug|x64.Build.0 = Debug|x64
		{C77A529D-D263-45C7-BAD6-F5E07DE511B5}.Release|x64.ActiveCfg = Release|x64
		{C77A529D-D263-45C7-BAD6-F5E07DE511B5}.Release|x64.Build.0 = Release|x64
		{17E1E049-C309-4D79-843F-AE483C264AEA}.Debug|x64.ActiveCfg = Debug|x64
		{17E1E049-C309-4D79-843F-AE483C264AEA}.Debug|x64.Build.0 = Debug|x64
		{17E1E049-C309-4D79-843F-AE483C264AEA}.Release|x64.ActiveCfg = Release|x64
		{17E1E049-C309-4D79-843F-AE483C264AEA}.Release|x64.Build.0 = Release|x64
		{CB435430-EBB1-478B-8F4E-C256F6838F55}.Debug|x64.ActiveCfg = Debug|x64
		{CB435430-EBB1-478B-8F4E-C256F6838F55}.Debug|x64.Build.0 = Debug|x64
		{CB435430-EBB1-478B-8F4E-C256F6838F55}.Release|x64.ActiveCfg = Release|x64
		{CB435430-EBB1-478B-8F4E-C256F6838F55}.Release|x64.Build.0 = Release|x64
		{B11D750F-CD1F-4A96-85CE-E69A5C5259F9}.Debug|x64.ActiveCfg = Debug|x64
		{B11D750F-CD1F-4A96-85CE-E69A5C5259F9}.Debug|x64.Build.0 = Debug|x64
		{B11D750F-CD1F-4A96-85CE-E69A5C5259F9}.Release|x64.ActiveCfg = Release|x64
		{B11D750F-CD1F-4A96-85CE-E69A5C5259F9}.Release|x64.Build.0 = Release|x64
		{70ABE75C-FBC2-4C82-9103-B952FA5CD168}.Debug|x64.ActiveCfg = Debug|x64
		{70ABE75C-FBC2-4C82-9103-B952FA5CD168}.Debug|x64.Build.0 = Debug|x64
		{70ABE75C-FBC2-4C82-9103-B952FA5CD168}.Release|x64.ActiveCfg = Release|x64
		{70ABE75C-FBC2-4C82-9103-B952FA5CD168}.Release|x64.Build.0 = Release|x64
		{24265BD3-3CF3-41A9-B137-53DBEC0F53BF}.Debug|x64.ActiveCfg = Debug|x64
		{24265BD3-3CF3-41A9-B137-53DBEC0F53BF}.Debug|x64.Build.0 = Debug|x64
		{24265BD3-3CF3-41A9-B137-53DBEC0F53BF}.Release|x64.ActiveCfg = Release|x64
		{24265BD3-3CF3-41A9-B137-53DBEC0F53BF}.Release|x64.Build.0 = Release|x64
		{F4229CC3-873C-49AE-9729-DD308ED4CD4A}.Debug|x64.ActiveCfg = Debug|x64
		{F4229CC3-873C-49AE-9729-DD308ED4CD4A}.Debug|x64.Build.0 = Debug|x64
		{F4229CC3-873C-49AE-9729-DD308ED4CD4A}.Release|x64.ActiveCfg = Release|x64
		{F4229CC3-873C-49AE-9729-DD308ED4CD4A}.Release|x64.Build.0 = Release|x64
		{9EC7190A-249F-4180-A900-548FDCF3055F}.Debug|x64.ActiveCfg = Debug|x64
		{9EC7190A-249F-4180-A900-548FDCF3055F}.Debug|x64.Build.0 = Debug|x64
		{9EC7190A-249F-4180-A900-548FDCF3055F}.Release|x64.ActiveCfg = Release|x64
		{9EC7190A-249F-4180-A900-548FDCF3055F}.Release|x64.Build.0 = Release|x64
		{C6E20F84-3247-4AD6-B051-B073268F73BA}.Debug|x64.ActiveCfg = Debug|x64
		{C6E20F84-3247-4AD6-B051-B073268F73BA}.Debug|x64.Build.0 = Debug|x64
		{C6E20F84-3247-4AD6-B051-B073268F73BA}.Release|x64.ActiveCfg = Release|x64
		{C6E20F84-3247-4AD6-B051-B073268F73BA}.Release|x64.Build.0 = Release|x64
		{9E48B300-37D1-11DD-8C41-005056C00008}.Debug|x64.ActiveCfg = Debug|x64
		{9E48B300-37D1-11DD-8C41-005056C00008}.Debug|x64.Build.0 = Debug|x64
		{9E48B300-37D1-11DD-8C41-005056C00008}.Release|x64.ActiveCfg = Release|x64
		{9E48B300-37D1-11DD-8C41-005056C00008}.Release|x64.Build.0 = Release|x64
		{A2697BD3-28C1-4AEC-9106-8B748639FD16}.Debug|x64.ActiveCfg = Debug|x64
		{A2697BD3-28C1-4AEC-9106-8B748639FD16}.Debug|x64.Build.0 = Debug|x64
		{A2697BD3-28C1-4AEC-9106-8B748639FD16}.Release|x64.ActiveCfg = Release|x64
		{A2697BD3-28C1-4AEC-9106-8B748639FD16}.Release|x64.Build.0 = Release|x64
		{6901D91C-6E48-4BB7-9FEC-700C8131DF1D}.Debug|x64.ActiveCfg = Debug|x64
		{6901D91C-6E48-4BB7-9FEC-700C8131DF1D}.Debug|x64.Build.0 = Debug|x64
		{6901D91C-6E48-4BB7-9FEC-700C8131DF1D}.Release|x64.ActiveCfg = Release|x64
		{6901D91C-6E48-4BB7-9FEC-700C8131DF1D}.Release|x64.Build.0 = Release|x64
		{B244E787-C445-441C-BDF4-5A4F1A3A1E51}.Debug|x64.ActiveCfg = Debug|x64
		{B244E787-C445-441C-BDF4-5A4F1A3A1E51}.Debug|x64.Build.0 = Debug|x64
		{B244E787-C445-441C-BDF4-5A4F1A3A1E51}.Release|x64.ActiveCfg = Release|x64
		{B244E787-C445-441C-BDF4-5A4F1A3A1E51}.Release|x64.Build.0 = Release|x64
		{36D0C52C-DF4E-45D0-8BC7-E294C3ABC781}.Debug|x64.ActiveCfg = Debug|x64
		{36D0C52C-DF4E-45D0-8BC7-E294C3ABC781}.Debug|x64.Build.0 = Debug|x64
		{36D0C52C-DF4E-45D0-8BC7-E294C3ABC781}.Release|x64.ActiveCfg = Release|x64
		{36D0C52C-DF4E-45D0-8BC7-E294C3ABC781}.Release|x64.Build.0 = Release|x64
		{900342D7-516A-4469-B1AD-59A66E49A25F}.Debug|x64.ActiveCfg = Debug|x64
		{900342D7-516A-4469-B1AD-59A66E49A25F}.Debug|x64.Build.0 = Debug|x64
		{900342D7-516A-4469-B1AD-59A66E49A25F}.Release|x64.ActiveCfg = Release|x64
		{900342D7-516A-4469-B1AD-59A66E49A25F}.Release|x64.Build.0 = Release|x64
		{16BFE6F0-22EF-40B5-B831-7E937119EF10}.Debug|x64.ActiveCfg = Debug|x64
		{16BFE6F0-22EF-40B5-B831-7E937119EF10}.Debug|x64.Build.0 = Debug|x64
		{16BFE6F0-22EF-40B5-B831-7E937119EF10}.Release|x64.ActiveCfg = Release|x64
		{16BFE6F0-22EF-40B5-B831-7E937119EF10}.Release|x64.Build.0 = Release|x64
		{FCBE1EF2-E0F0-40B1-88B5-00A35D378742}.Debug|x64.ActiveCfg = Debug|x64
		{FCBE1EF2-E0F0-40B1-88B5-00A35D378742}.Debug|x64.Build.0 = Debug|x64
		{FCBE1EF2-E0F0-40B1-88B5-00A35D378742}.Release|x64.ActiveCfg = Release|x64
		{FCBE1EF2-E0F0-40B1-88B5-00A35D378742}.Release|x64.Build.0 = Release|x64
		{D06B6426-4762-44CC-8BAD-D79052507F2F}.Debug|x64.ActiveCfg = Debug|x64
		{D06B6426-4762-44CC-8BAD-D79052507F2F}.Debug|x64.Build.0 = Debug|x64
		{D06B6426-4762-44CC-8BAD-D79052507F2F}.Release|x64.ActiveCfg = Release|x64
		{D06B6426-4762-44CC-8BAD-D79052507F2F}.Release|x64.Build.0 = Release|x64
		{0F6EE4A4-C75F-4578-B4B3-2D64F4B9B782}.Debug|x64.ActiveCfg = Debug|x64
		{0F6EE4A4-C75F-4578-B4B3-2D64F4B9B782}.Debug|x64.Build.0 = Debug|x64
		{0F6EE4A4-C75F-4578-B4B3-2D64F4B9B782}.Release|x64.ActiveCfg = Release|x64
		{0F6EE4A4-C75F-4578-B4B3-2D64F4B9B782}.Release|x64.Build.0 = Release|x64
		{18CAE28C-B454-46C1-87A0-493D91D97F03}.Debug|x64.ActiveCfg = Debug|x64
		{18CAE28C-B454-46C1-87A0-493D91D97F03}.Debug|x64.Build.0 = Debug|x64
		{18CAE28C-B454-46C1-87A0-493D91D97F03}.Release|x64.ActiveCfg = Release|x64
		{18CAE28C-B454-46C1-87A0-493D91D97F03}.Release|x64.Build.0 = Release|x64
		{ECC7CEAC-A5E5-458E-BB9E-2413CC847881}.Debug|x64.ActiveCfg = Debug|x64
		{ECC7CEAC-A5E5-458E-BB9E-2413CC847881}.Debug|x64.Build.0 = Debug|x64
		{ECC7CEAC-A5E5-458E-BB9E-2413CC847881}.Release|x64.ActiveCfg = Release|x64
		{ECC7CEAC-A5E5-458E-BB9E-2413CC847881}.Release|x64.Build.0 = Release|x64
		{28B5D777-DDF2-4B6B-B34F-31D938813856}.Debug|x64.ActiveCfg = Debug|x64
		{28B5D777-DDF2-4B6B-B34F-31D938813856}.Debug|x64.Build.0 = Debug|x64
		{28B5D777-DDF2-4B6B-B34F-31D938813856}.Release|x64.ActiveCfg = Release|x64
		{28B5D777-DDF2-4B6B-B34F-31D938813856}.Release|x64.Build.0 = Release|x64
		{F749B822-B489-4CA5-A3AD-CE078F5F338A}.Debug|x64.ActiveCfg = Debug|x64
		{F749B822-B489-4CA5-A3AD-CE078F5F338A}.Debug|x64.Build.0 = Debug|x64
		{F749B822-B489-4CA5-A3AD-CE078F5F338A}.Release|x64.ActiveCfg = Release|x64
		{F749B822-B489-4CA5-A3AD-CE078F5F338A}.Release|x64.Build.0 = Release|x64
		{19C0C13F-47CA-4432-AFF3-799A296A4DDC}.Debug|x64.ActiveCfg = Debug|x64
		{19C0C13F-47CA-4432-AFF3-799A296A4DDC}.Debug|x64.Build.0 = Debug|x64
		{19C0C13F-47CA-4432-AFF3-799A296A4DDC}.Release|x64.ActiveCfg = Release|x64
		{19C0C13F-47CA-4432-AFF3-799A296A4DDC}.Release|x64.Build.0 = Release|x64
		{6DAC66D9-E703-4624-BE03-49112AB5AA62}.Debug|x64.ActiveCfg = Debug|x64
		{6DAC66D9-E703-4624-BE03-49112AB5AA62}.Debug|x64.Build.0 = Debug|x64
		{6DAC66D9-E703-4624-BE03-49112AB5AA62}.Release|x64.ActiveCfg = Release|x64
		{6DAC66D9-E703-4624-BE03-49112AB5AA62}.Release|x64.Build.0 = Release|x64
		{7B2727B5-5A3F-40EE-A866-43A13CD31446}.Debug|x64.ActiveCfg = Debug|x64
		{7B2727B5-5A3F-40EE-A866-43A13CD31446}.Debug|x64.Build.0 = Debug|x64
		{7B2727B5-5A3F-40EE-A866-43A13CD31446}.Release|x64.ActiveCfg = Release|x64
		{7B2727B5-5A3F-40EE-A866-43A13CD31446}.Release|x64.Build.0 = Release|x64
		{9DE9E23D-C8D4-4817-92A9-920A8B1FE5FF}.Debug|x64.ActiveCfg = Debug|x64
		{9DE9E23D-C8D4-4817-92A9-920A8B1FE5FF}.Debug|x64.Build.0 = Debug|x64
		{9DE9E23D-C8D4-4817-92A9-920A8B1FE5FF}.Release|x64.ActiveCfg = Release|x64
		{9DE9E23D-C8D4-4817-92A9-920A8B1FE5FF}.Release|x64.Build.0 = Release|x64
		{8FCE41A7-8050-4F06-B1CE-944DF7E07910}.Debug|x64.ActiveCfg = Debug|x64
		{8FCE41A7-8050-4F06-B1CE-944DF7E07910}.Debug|x64.Build.0 = Debug|x64
		{8FCE41A7-8050-4F06-B1CE-944DF7E07910}.Release|x64.ActiveCfg = Release|x64
		{8FCE41A7-8050-4F06-B1CE-944DF7E07910}.Release|x64.Build.0 = Release|x64
	EndGlobalSection
	GlobalSection(SolutionProperties) = preSolution
		HideSolutionNode = FALSE
	EndGlobalSection
	GlobalSection(NestedProjects) = preSolution
		{12728250-16EC-4DC6-94D7-E21DD88947F8} = {44FF0BDD-E5E4-4C95-A379-F603B8FD5AD3}
		{A78DCBC4-077B-4884-A7F4-D9AF70EDB538} = {44FF0BDD-E5E4-4C95-A379-F603B8FD5AD3}
		{885D4898-D08D-4091-9C40-C700CFE3FC5A} = {EB5547E1-2125-4348-9092-041A07642247}
		{CF7AC3D1-E2DF-41D2-BEA6-1E2556CDEA26} = {EB5547E1-2125-4348-9092-041A07642247}
		{CF73C240-56FD-4B61-951F-854414E2BA3D} = {FCC01FDB-3534-4E60-AF99-796960764DD1}
		{86937F53-C189-40EF-8CE8-8759D8E7D480} = {28CBE944-10E2-421F-8F24-CF2887530E73}
		{73FCD2BD-F133-46B7-8EC1-144CD82A59D5} = {28CBE944-10E2-421F-8F24-CF2887530E73}
		{384C224A-7474-476E-A01B-750EA7DE918C} = {28CBE944-10E2-421F-8F24-CF2887530E73}
		{F9D71780-F393-11E0-BE50-0800200C9A66} = {28CBE944-10E2-421F-8F24-CF2887530E73}
		{28CBE944-10E2-421F-8F24-CF2887530E73} = {FCC01FDB-3534-4E60-AF99-796960764DD1}
		{31FFC478-7B4A-43E8-9954-8D03E2187E9C} = {CF73C240-56FD-4B61-951F-854414E2BA3D}
		{13CECB97-4119-4316-9D42-8534019A5A44} = {28CBE944-10E2-421F-8F24-CF2887530E73}
		{447F05A8-F581-4CAC-A466-5AC7936E207E} = {28CBE944-10E2-421F-8F24-CF2887530E73}
		{78D80A15-BD8C-44E2-B49E-1F05B0A0A687} = {28CBE944-10E2-421F-8F24-CF2887530E73}
		{0E9791DB-593A-465F-98BC-681011311618} = {28CBE944-10E2-421F-8F24-CF2887530E73}
		{793F0ABE-66E5-48C0-9690-3060FF08AFF5} = {44FF0BDD-E5E4-4C95-A379-F603B8FD5AD3}
		{EB6E69DD-04BF-4543-9B92-49FAABCEAC2E} = {28CBE944-10E2-421F-8F24-CF2887530E73}
		{0E9791DB-593A-465F-98BC-681011311617} = {28CBE944-10E2-421F-8F24-CF2887530E73}
		{C77A529D-D263-45C7-BAD6-F5E07DE511B5} = {44FF0BDD-E5E4-4C95-A379-F603B8FD5AD3}
		{17E1E049-C309-4D79-843F-AE483C264AEA} = {28CBE944-10E2-421F-8F24-CF2887530E73}
		{CB435430-EBB1-478B-8F4E-C256F6838F55} = {28CBE944-10E2-421F-8F24-CF2887530E73}
		{FCC01FDB-3534-4E60-AF99-796960764DD1} = {2CA39B0B-0164-482B-ABCA-53B33CA7550C}
		{17D1CDD2-3DC2-4D7F-B7DA-0D5EF726B7A3} = {2CA39B0B-0164-482B-ABCA-53B33CA7550C}
		{B11D750F-CD1F-4A96-85CE-E69A5C5259F9} = {B18A3134-4AEE-47CF-AFF4-1A2332D3CD06}
		{70ABE75C-FBC2-4C82-9103-B952FA5CD168} = {44FF0BDD-E5E4-4C95-A379-F603B8FD5AD3}
		{24265BD3-3CF3-41A9-B137-53DBEC0F53BF} = {44FF0BDD-E5E4-4C95-A379-F603B8FD5AD3}
		{F4229CC3-873C-49AE-9729-DD308ED4CD4A} = {B18A3134-4AEE-47CF-AFF4-1A2332D3CD06}
		{9EC7190A-249F-4180-A900-548FDCF3055F} = {28CBE944-10E2-421F-8F24-CF2887530E73}
		{C6E20F84-3247-4AD6-B051-B073268F73BA} = {28CBE944-10E2-421F-8F24-CF2887530E73}
		{9E48B300-37D1-11DD-8C41-005056C00008} = {28CBE944-10E2-421F-8F24-CF2887530E73}
		{A2697BD3-28C1-4AEC-9106-8B748639FD16} = {28CBE944-10E2-421F-8F24-CF2887530E73}
		{6901D91C-6E48-4BB7-9FEC-700C8131DF1D} = {28CBE944-10E2-421F-8F24-CF2887530E73}
		{B244E787-C445-441C-BDF4-5A4F1A3A1E51} = {CF73C240-56FD-4B61-951F-854414E2BA3D}
		{36D0C52C-DF4E-45D0-8BC7-E294C3ABC781} = {28CBE944-10E2-421F-8F24-CF2887530E73}
		{900342D7-516A-4469-B1AD-59A66E49A25F} = {28CBE944-10E2-421F-8F24-CF2887530E73}
		{16BFE6F0-22EF-40B5-B831-7E937119EF10} = {28CBE944-10E2-421F-8F24-CF2887530E73}
		{FCBE1EF2-E0F0-40B1-88B5-00A35D378742} = {28CBE944-10E2-421F-8F24-CF2887530E73}
		{D06B6426-4762-44CC-8BAD-D79052507F2F} = {28CBE944-10E2-421F-8F24-CF2887530E73}
		{0F6EE4A4-C75F-4578-B4B3-2D64F4B9B782} = {CF73C240-56FD-4B61-951F-854414E2BA3D}
		{18CAE28C-B454-46C1-87A0-493D91D97F03} = {28CBE944-10E2-421F-8F24-CF2887530E73}
		{ECC7CEAC-A5E5-458E-BB9E-2413CC847881} = {28CBE944-10E2-421F-8F24-CF2887530E73}
		{28B5D777-DDF2-4B6B-B34F-31D938813856} = {CF73C240-56FD-4B61-951F-854414E2BA3D}
		{F749B822-B489-4CA5-A3AD-CE078F5F338A} = {28CBE944-10E2-421F-8F24-CF2887530E73}
		{6A8FC1ED-4E77-46B0-9C0D-93574EB5EDAB} = {17D1CDD2-3DC2-4D7F-B7DA-0D5EF726B7A3}
		{19C0C13F-47CA-4432-AFF3-799A296A4DDC} = {6A8FC1ED-4E77-46B0-9C0D-93574EB5EDAB}
		{6DAC66D9-E703-4624-BE03-49112AB5AA62} = {6A8FC1ED-4E77-46B0-9C0D-93574EB5EDAB}
		{7B2727B5-5A3F-40EE-A866-43A13CD31446} = {CF73C240-56FD-4B61-951F-854414E2BA3D}
		{9DE9E23D-C8D4-4817-92A9-920A8B1FE5FF} = {CF73C240-56FD-4B61-951F-854414E2BA3D}
		{EB5547E1-2125-4348-9092-041A07642247} = {482EA751-DE12-4EB2-9764-C15C9DEC7F38}
		{B18A3134-4AEE-47CF-AFF4-1A2332D3CD06} = {482EA751-DE12-4EB2-9764-C15C9DEC7F38}
		{8FCE41A7-8050-4F06-B1CE-944DF7E07910} = {44FF0BDD-E5E4-4C95-A379-F603B8FD5AD3}
	EndGlobalSection
	GlobalSection(ExtensibilityGlobals) = postSolution
		SolutionGuid = {5C33FFD3-C8DC-4A54-B842-8BA9846BDFFE}
	EndGlobalSection
EndGlobal
